{
  "name": "workspace-project",
  "version": "0.1.0",
  "lockfileVersion": 1,
  "requires": true,
  "dependencies": {
    "rescript": {
      "version": "10.0.0-nightly.1",
      "resolved": "https://registry.npmjs.org/rescript/-/rescript-10.0.0-nightly.1.tgz",
      "integrity": "sha512-hoFSGfxgQN0Vo4iYilseNcIGM40ztBroYWriOl+TdC8rXb64usbR/TqNYcacbWLn/cIydxwMCQBRA07BY1AoTA==",
      "dev": true
    }
  }
}
