{
  "name": "devdeps",
  "version": "0.1.0",
  "lockfileVersion": 2,
  "requires": true,
  "packages": {
    "": {
      "name": "devdeps",
      "version": "0.1.0",
      "license": "MIT",
      "dependencies": {
        "rescript": "file:../../.."
      },
      "devDependencies": {
        "bs-platform": "^5.0.5"
      }
    },
    "../../..": {
      "version": "10.0.0",
      "hasInstallScript": true,
      "license": "SEE LICENSE IN LICENSE",
      "bin": {
        "bsc": "bsc",
        "bsrefmt": "bsrefmt",
        "bstracing": "lib/bstracing",
        "rescript": "rescript"
      },
      "devDependencies": {
        "mocha": "^7.2.0",
        "nyc": "^15.0.0"
      }
    },
    "node_modules/bs-platform": {
      "version": "5.2.1",
      "resolved": "https://registry.npmjs.org/bs-platform/-/bs-platform-5.2.1.tgz",
      "integrity": "sha512-3ISP+RBC/NYILiJnphCY0W3RTYpQ11JGa2dBBLVug5fpFZ0qtSaL3ZplD8MyjNeXX2bC7xgrWfgBSn8Tc9om7Q==",
      "dev": true,
      "hasInstallScript": true,
      "bin": {
        "bsb": "lib/bsb",
        "bsc": "lib/bsc",
        "bsrefmt": "lib/bsrefmt",
        "bstracing": "lib/bstracing"
      }
    },
    "node_modules/rescript": {
      "resolved": "../../..",
      "link": true
    }
  },
  "dependencies": {
    "bs-platform": {
      "version": "5.2.1",
      "resolved": "https://registry.npmjs.org/bs-platform/-/bs-platform-5.2.1.tgz",
      "integrity": "sha512-3ISP+RBC/NYILiJnphCY0W3RTYpQ11JGa2dBBLVug5fpFZ0qtSaL3ZplD8MyjNeXX2bC7xgrWfgBSn8Tc9om7Q==",
      "dev": true
    },
    "rescript": {
      "version": "file:../../..",
      "requires": {
        "mocha": "^7.2.0",
        "nyc": "^15.0.0"
      }
    }
  }
}
