{
  "name": "scoped_ppx",
  "lockfileVersion": 2,
  "requires": true,
  "packages": {
    "": {
      "dependencies": {
        "rescript": "file:../../.."
      }
    },
    "../../..": {
      "version": "10.0.0",
      "hasInstallScript": true,
      "license": "SEE LICENSE IN LICENSE",
      "bin": {
        "bsc": "bsc",
        "bsrefmt": "bsrefmt",
        "bstracing": "lib/bstracing",
        "rescript": "rescript"
      },
      "devDependencies": {
        "mocha": "^7.2.0",
        "nyc": "^15.0.0"
      }
    },
    "node_modules/rescript": {
      "resolved": "../../..",
      "link": true
    }
  },
  "dependencies": {
    "rescript": {
      "version": "file:../../..",
      "requires": {
        "mocha": "^7.2.0",
        "nyc": "^15.0.0"
      }
    }
  }
}
