{
  "name": "tests-incremental-typechecking",
  "lockfileVersion": 2,
  "requires": true,
  "packages": {
    "": {
      "dependencies": {
        "rescript": "11.1.0-rc.2"
      }
    },
    "node_modules/rescript": {
      "version": "11.1.0-rc.2",
      "resolved": "https://registry.npmjs.org/rescript/-/rescript-11.1.0-rc.2.tgz",
      "integrity": "sha512-kCUtmsODEUF1Eth5ppc+yIK79HLI7CwRs1R4iopDek4FC58IqHSLT3K1XHGB39YCWuOuV9WMly+wksHRJcSLcw==",
      "hasInstallScript": true,
      "bin": {
        "bsc": "bsc",
        "bstracing": "lib/bstracing",
        "rescript": "rescript"
      },
      "engines": {
        "node": ">=10"
      }
    }
  },
  "dependencies": {
    "rescript": {
      "version": "11.1.0-rc.2",
      "resolved": "https://registry.npmjs.org/rescript/-/rescript-11.1.0-rc.2.tgz",
      "integrity": "sha512-kCUtmsODEUF1Eth5ppc+yIK79HLI7CwRs1R4iopDek4FC58IqHSLT3K1XHGB39YCWuOuV9WMly+wksHRJcSLcw=="
    }
  }
}
