# THIS IS AN AUTOGENERATED FILE. DO NOT EDIT THIS FILE DIRECTLY.
# yarn lockfile v1


rescript@*:
  version "11.0.0"
  resolved "https://registry.yarnpkg.com/rescript/-/rescript-11.0.0.tgz#9a0b6fc998c360543c459aba49b77a572a0306cd"
  integrity sha512-uIUwDZZmDUb7ymGkBiiGioxMg8hXh1mze/2k/qhYQcZGgi7PrLHQIW9AksM7gb9WnpjCAvFsA8U2VgC0nA468w==
