{
  "name": "weird_devdeps",
  "version": "0.1.0",
  "lockfileVersion": 2,
  "requires": true,
  "packages": {
    "": {
      "name": "weird_devdeps",
      "version": "0.1.0",
      "license": "MIT"
    },
    "../../..": {
      "name": "rescript",
      "version": "11.0.0-rc.2",
      "extraneous": true,
      "hasInstallScript": true,
      "license": "SEE LICENSE IN LICENSE",
      "bin": {
        "bsc": "bsc",
        "bstracing": "lib/bstracing",
        "rescript": "rescript"
      },
      "devDependencies": {
        "mocha": "^10.1.0",
        "nyc": "^15.0.0",
        "prettier": "^2.7.1",
        "rollup": "^0.49.2"
      },
      "engines": {
        "node": ">=10"
      }
    }
  }
}
