{
  "name": "top",
  "lockfileVersion": 2,
  "requires": true,
  "packages": {
    "": {
      "name": "top",
      "workspaces": [
        "a",
        "b",
        "c"
      ]
    },
    "a": {
      "version": "1.0.0"
    },
    "b": {
      "version": "1.0.0",
      "extraneous": true
    },
    "c": {
      "version": "1.0.0",
      "extraneous": true
    },
    "node_modules/a": {
      "resolved": "a",
      "link": true
    }
  },
  "dependencies": {
    "a": {
      "version": "file:a"
    }
  }
}
