{
  "name": "top",
  "lockfileVersion": 2,
  "requires": true,
  "packages": {
    "": {
      "name": "top",
      "workspaces": [
        "a",
        "b",
        "c"
      ]
    },
    "a": {
      "version": "1.0.0"
    },
    "b": {
      "version": "1.0.0"
    },
    "c": {
      "version": "1.0.0"
    },
    "node_modules/a": {
      "resolved": "a",
      "link": true
    },
    "node_modules/b": {
      "resolved": "b",
      "link": true
    },
    "node_modules/c": {
      "resolved": "c",
      "link": true
    }
  },
  "dependencies": {
    "a": {
      "version": "file:a"
    },
    "b": {
      "version": "file:b"
    },
    "c": {
      "version": "file:c"
    }
  }
}
