{
  "name": "tests-generic-jsx-transform",
  "lockfileVersion": 2,
  "requires": true,
  "packages": {
    "": {
      "dependencies": {
        "rescript": "file:../../.."
      }
    },
    "../../..": {
      "version": "12.0.0-alpha.6",
      "hasInstallScript": true,
      "license": "SEE LICENSE IN LICENSE",
      "bin": {
        "bsc": "cli/bsc",
        "bstracing": "lib/bstracing",
        "rescript": "cli/rescript",
        "rescript-tools": "cli/rescript-tools",
        "rewatch": "cli/rewatch"
      },
      "devDependencies": {
        "@biomejs/biome": "1.8.3",
        "mocha": "10.1.0",
        "nyc": "15.0.0"
      },
      "engines": {
        "node": ">=18"
      }
    },
    "node_modules/rescript": {
      "resolved": "../../..",
      "link": true
    }
  },
  "dependencies": {
    "rescript": {
      "version": "file:../../..",
      "requires": {
        "@biomejs/biome": "1.8.3",
        "mocha": "10.1.0",
        "nyc": "15.0.0"
      }
    }
  }
}
