{
  "name": "proj",
  "version": "1.0.0",
  "lockfileVersion": 2,
  "requires": true,
  "packages": {
    "": {
      "name": "proj",
      "version": "1.0.0",
      "license": "ISC",
      "dependencies": {
        "@rescript/core": "^0.6.0",
        "@rescript/react": "^0.12.0-alpha.3"
      }
    },
    "node_modules/@rescript/core": {
      "version": "0.6.0",
      "resolved": "https://registry.npmjs.org/@rescript/core/-/core-0.6.0.tgz",
      "integrity": "sha512-D4ykxSpbmxbQa99kCg6/DztwCNt1tV3t11BLSOvJPHNLSIuQxfAU3ddgRruaH9LQSKOrMUjxQS9z6RdG5iFPoA==",
      "peerDependencies": {
        "rescript": "^10.1.0 || ^11.0.0-alpha.0 || next"
      }
    },
    "node_modules/@rescript/react": {
      "version": "0.12.0-alpha.3",
      "resolved": "https://registry.npmjs.org/@rescript/react/-/react-0.12.0-alpha.3.tgz",
      "integrity": "sha512-/S1uj77RPDzuLg3Ofb8KKU3Vppqy97/vF6bBdBZ+saIO9bpHVlsmmJyJG8QXjGZKE+aMynrrR3Tj4+9+5OzLdw==",
      "peerDependencies": {
        "react": ">=18.0.0",
        "react-dom": ">=18.0.0"
      }
    },
    "node_modules/js-tokens": {
      "version": "4.0.0",
      "resolved": "https://registry.npmjs.org/js-tokens/-/js-tokens-4.0.0.tgz",
      "integrity": "sha512-RdJUflcE3cUzKiMqQgsCu06FPu9UdIJO0beYbPhHN4k6apgJtifcoCtT9bcxOpYBtpD2kCM6Sbzg4CausW/PKQ==",
      "peer": true
    },
    "node_modules/loose-envify": {
      "version": "1.4.0",
      "resolved": "https://registry.npmjs.org/loose-envify/-/loose-envify-1.4.0.tgz",
      "integrity": "sha512-lyuxPGr/Wfhrlem2CL/UcnUc1zcqKAImBDzukY7Y5F/yQiNdko6+fRLevlw1HgMySw7f611UIY408EtxRSoK3Q==",
      "peer": true,
      "dependencies": {
        "js-tokens": "^3.0.0 || ^4.0.0"
      },
      "bin": {
        "loose-envify": "cli.js"
      }
    },
    "node_modules/react": {
      "version": "18.2.0",
      "resolved": "https://registry.npmjs.org/react/-/react-18.2.0.tgz",
      "integrity": "sha512-/3IjMdb2L9QbBdWiW5e3P2/npwMBaU9mHCSCUzNln0ZCYbcfTsGbTJrU/kGemdH2IWmB2ioZ+zkxtmq6g09fGQ==",
      "peer": true,
      "dependencies": {
        "loose-envify": "^1.1.0"
      },
      "engines": {
        "node": ">=0.10.0"
      }
    },
    "node_modules/react-dom": {
      "version": "18.2.0",
      "resolved": "https://registry.npmjs.org/react-dom/-/react-dom-18.2.0.tgz",
      "integrity": "sha512-6IMTriUmvsjHUjNtEDudZfuDQUoWXVxKHhlEGSk81n4YFS+r/Kl99wXiwlVXtPBtJenozv2P+hxDsw9eA7Xo6g==",
      "peer": true,
      "dependencies": {
        "loose-envify": "^1.1.0",
        "scheduler": "^0.23.0"
      },
      "peerDependencies": {
        "react": "^18.2.0"
      }
    },
    "node_modules/rescript": {
      "version": "10.1.4",
      "resolved": "https://registry.npmjs.org/rescript/-/rescript-10.1.4.tgz",
      "integrity": "sha512-FFKlS9AG/XrLepWsyw7B+A9DtQBPWEPDPDKghV831Y2KGbie+eeFBOS0xtRHp0xbt7S0N2Dm6hhX+kTZQ/3Ybg==",
      "hasInstallScript": true,
      "peer": true,
      "bin": {
        "bsc": "bsc",
        "bsrefmt": "bsrefmt",
        "bstracing": "lib/bstracing",
        "rescript": "rescript"
      }
    },
    "node_modules/scheduler": {
      "version": "0.23.0",
      "resolved": "https://registry.npmjs.org/scheduler/-/scheduler-0.23.0.tgz",
      "integrity": "sha512-CtuThmgHNg7zIZWAXi3AsyIzA3n4xx7aNyjwC2VJldO2LMVDhFK+63xGqq6CsJH4rTAt6/M+N4GhZiDYPx9eUw==",
      "peer": true,
      "dependencies": {
        "loose-envify": "^1.1.0"
      }
    }
  },
  "dependencies": {
    "@rescript/core": {
      "version": "0.6.0",
      "resolved": "https://registry.npmjs.org/@rescript/core/-/core-0.6.0.tgz",
      "integrity": "sha512-D4ykxSpbmxbQa99kCg6/DztwCNt1tV3t11BLSOvJPHNLSIuQxfAU3ddgRruaH9LQSKOrMUjxQS9z6RdG5iFPoA==",
      "requires": {}
    },
    "@rescript/react": {
      "version": "0.12.0-alpha.3",
      "resolved": "https://registry.npmjs.org/@rescript/react/-/react-0.12.0-alpha.3.tgz",
      "integrity": "sha512-/S1uj77RPDzuLg3Ofb8KKU3Vppqy97/vF6bBdBZ+saIO9bpHVlsmmJyJG8QXjGZKE+aMynrrR3Tj4+9+5OzLdw==",
      "requires": {}
    },
    "js-tokens": {
      "version": "4.0.0",
      "resolved": "https://registry.npmjs.org/js-tokens/-/js-tokens-4.0.0.tgz",
      "integrity": "sha512-RdJUflcE3cUzKiMqQgsCu06FPu9UdIJO0beYbPhHN4k6apgJtifcoCtT9bcxOpYBtpD2kCM6Sbzg4CausW/PKQ==",
      "peer": true
    },
    "loose-envify": {
      "version": "1.4.0",
      "resolved": "https://registry.npmjs.org/loose-envify/-/loose-envify-1.4.0.tgz",
      "integrity": "sha512-lyuxPGr/Wfhrlem2CL/UcnUc1zcqKAImBDzukY7Y5F/yQiNdko6+fRLevlw1HgMySw7f611UIY408EtxRSoK3Q==",
      "peer": true,
      "requires": {
        "js-tokens": "^3.0.0 || ^4.0.0"
      }
    },
    "react": {
      "version": "18.2.0",
      "resolved": "https://registry.npmjs.org/react/-/react-18.2.0.tgz",
      "integrity": "sha512-/3IjMdb2L9QbBdWiW5e3P2/npwMBaU9mHCSCUzNln0ZCYbcfTsGbTJrU/kGemdH2IWmB2ioZ+zkxtmq6g09fGQ==",
      "peer": true,
      "requires": {
        "loose-envify": "^1.1.0"
      }
    },
    "react-dom": {
      "version": "18.2.0",
      "resolved": "https://registry.npmjs.org/react-dom/-/react-dom-18.2.0.tgz",
      "integrity": "sha512-6IMTriUmvsjHUjNtEDudZfuDQUoWXVxKHhlEGSk81n4YFS+r/Kl99wXiwlVXtPBtJenozv2P+hxDsw9eA7Xo6g==",
      "peer": true,
      "requires": {
        "loose-envify": "^1.1.0",
        "scheduler": "^0.23.0"
      }
    },
    "rescript": {
      "version": "10.1.4",
      "resolved": "https://registry.npmjs.org/rescript/-/rescript-10.1.4.tgz",
      "integrity": "sha512-FFKlS9AG/XrLepWsyw7B+A9DtQBPWEPDPDKghV831Y2KGbie+eeFBOS0xtRHp0xbt7S0N2Dm6hhX+kTZQ/3Ybg==",
      "peer": true
    },
    "scheduler": {
      "version": "0.23.0",
      "resolved": "https://registry.npmjs.org/scheduler/-/scheduler-0.23.0.tgz",
      "integrity": "sha512-CtuThmgHNg7zIZWAXi3AsyIzA3n4xx7aNyjwC2VJldO2LMVDhFK+63xGqq6CsJH4rTAt6/M+N4GhZiDYPx9eUw==",
      "peer": true,
      "requires": {
        "loose-envify": "^1.1.0"
      }
    }
  }
}
