{
  "name": "typescript-res-node16",
  "version": "0.1.0",
  "lockfileVersion": 3,
  "requires": true,
  "packages": {
    "": {
      "name": "typescript-res-node16",
      "version": "0.1.0",
      "devDependencies": {
        "rescript": "file:../../..",
        "typescript": "^5.0.4"
      }
    },
    "../../..": {
      "name": "rescript",
      "version": "11.0.0-alpha.5",
      "dev": true,
      "hasInstallScript": true,
      "license": "SEE LICENSE IN LICENSE",
      "bin": {
        "bsc": "bsc",
        "bstracing": "lib/bstracing",
        "rescript": "rescript"
      },
      "devDependencies": {
        "mocha": "^10.1.0",
        "nyc": "^15.0.0",
        "prettier": "^2.7.1",
        "rollup": "^0.49.2"
      }
    },
    "node_modules/rescript": {
      "resolved": "../../..",
      "link": true
    },
    "node_modules/typescript": {
      "version": "5.0.4",
      "resolved": "https://registry.npmjs.org/typescript/-/typescript-5.0.4.tgz",
      "integrity": "sha512-cW9T5W9xY37cc+jfEnaUvX91foxtHkza3Nw3wkoF4sSlKn0MONdkdEndig/qPBWXNkmplh3NzayQzCiHM4/hqw==",
      "dev": true,
      "bin": {
        "tsc": "bin/tsc",
        "tsserver": "bin/tsserver"
      },
      "engines": {
        "node": ">=12.20"
      }
    }
  }
}
