{
  "requires": true,
  "lockfileVersion": 1,
  "dependencies": {
    "reason-react": {
      "version": "0.9.1",
      "resolved": "https://registry.npmjs.org/reason-react/-/reason-react-0.9.1.tgz",
      "integrity": "sha512-nlH0O2TDy9KzOLOW+vlEQk4ExHOeciyzFdoLcsmmiit6hx6H5+CVDrwJ+8aiaLT/kqK5xFOjy4PS7PftWz4plA=="
    },
    "rescript": {
      "version": "9.1.2",
      "resolved": "https://registry.npmjs.org/rescript/-/rescript-9.1.2.tgz",
      "integrity": "sha512-4wHvTDv3nyYnAPJHcg1RGG8z7u3HDiBf6RN3P/dITDv859Qo35aKOzJWQtfBzbAs0EKNafLqei3TnUqiAv6BwQ=="
    }
  }
}
