{
  "name": "build_tests",
  "version": "0.1.0",
  "lockfileVersion": 2,
  "requires": true,
  "packages": {
    "": {
      "name": "build_tests",
      "version": "0.1.0",
      "dependencies": {
        "rescript": "file:../.."
      }
    },
    "../..": {
      "name": "rescript",
      "version": "10.0.0",
      "hasInstallScript": true,
      "license": "SEE LICENSE IN LICENSE",
      "bin": {
        "bsc": "bsc",
        "bstracing": "lib/bstracing",
        "rescript": "rescript"
      },
      "devDependencies": {
        "mocha": "^7.2.0",
        "nyc": "^15.0.0"
      }
    },
    "node_modules/rescript": {
      "resolved": "../..",
      "link": true
    }
  },
  "dependencies": {
    "rescript": {
      "version": "file:../..",
      "requires": {
        "mocha": "^7.2.0",
        "nyc": "^15.0.0"
      }
    }
  }
}
