{
  "name": "termination",
  "version": "0.1.0",
  "lockfileVersion": 2,
  "requires": true,
  "packages": {
    "": {
      "name": "termination",
      "version": "0.1.0",
      "devDependencies": {
        "rescript": "^10.1.2"
      }
    },
    "node_modules/rescript": {
      "version": "10.1.2",
      "resolved": "https://registry.npmjs.org/rescript/-/rescript-10.1.2.tgz",
      "integrity": "sha512-PPdhOiN+lwqxQ0qvzHc1KW0TL12LDy2X+qo/JIMIP3bMfiH0vxQH2e/lXuoutWWm04fGQGTv3hWH+gKW3/UyfA==",
      "dev": true,
      "hasInstallScript": true,
      "bin": {
        "bsc": "bsc",
        "bsrefmt": "bsrefmt",
        "bstracing": "lib/bstracing",
        "rescript": "rescript"
      }
    }
  },
  "dependencies": {
    "rescript": {
      "version": "10.1.2",
      "resolved": "https://registry.npmjs.org/rescript/-/rescript-10.1.2.tgz",
      "integrity": "sha512-PPdhOiN+lwqxQ0qvzHc1KW0TL12LDy2X+qo/JIMIP3bMfiH0vxQH2e/lXuoutWWm04fGQGTv3hWH+gKW3/UyfA==",
      "dev": true
    }
  }
}
