# THIS IS AN AUTOGENERATED FILE. DO NOT EDIT THIS FILE DIRECTLY.
# yarn lockfile v1


"bs-platform@file:..":
  version "7.4.0-dev.1"

bs-webapi@^0.15.9:
  version "0.15.9"
  resolved "https://registry.yarnpkg.com/bs-webapi/-/bs-webapi-0.15.9.tgz#d1dcfbd40499a3b0914daacc4ceef47a0f3c906f"
  integrity sha512-bmzO6na2HmK01a34qB7afMwfVSrPxkP3EGzUslWObuxbHIlLC0PAMDu4lA8ZL5NasBUctlwnA1QZxox+1aNWWw==

reason-react@0.8.0:
  version "0.8.0"
  resolved "https://registry.yarnpkg.com/reason-react/-/reason-react-0.8.0.tgz#a55143f95a872596c92b54595e7904c03ee7c9db"
  integrity sha512-97AfK3eCF6vfP8rnbq3k6GgXsZt//OiPMINTUk5luJ8W0Wt/JaYsDG6eWKP8Zx3gPpxSU1EPjB1pUm6o6fBnFA==
