# THIS IS AN AUTOGENERATED FILE. DO NOT EDIT THIS FILE DIRECTLY.
# yarn lockfile v1


bs-platform@7.3.1:
  version "7.3.1"
  resolved "https://registry.yarnpkg.com/bs-platform/-/bs-platform-7.3.1.tgz#2c148fb8aef687c6c195eae5821b31e887fb5bc4"
  integrity sha512-RlQexm6i2gMKsfuHL8IcOHN0R/SQgxiurP96fo2nj71QgQQRh332ahOwIl0p0yNl9DH2Tg7ZV2pjG6MMMkaU6w==

bs-webapi@^0.15.9:
  version "0.15.9"
  resolved "https://registry.yarnpkg.com/bs-webapi/-/bs-webapi-0.15.9.tgz#d1dcfbd40499a3b0914daacc4ceef47a0f3c906f"
  integrity sha512-bmzO6na2HmK01a34qB7afMwfVSrPxkP3EGzUslWObuxbHIlLC0PAMDu4lA8ZL5NasBUctlwnA1QZxox+1aNWWw==

reason-react@0.8.0-dev.4:
  version "0.8.0-dev.4"
  resolved "https://registry.yarnpkg.com/reason-react/-/reason-react-0.8.0-dev.4.tgz#87a5561b3e4e09c7b9d668ce30725884e9ba06e2"
  integrity sha512-3O2sfahNkmFbmD9QvtSNbM2RSvgNColknnoS2bZEbKbiHEL7VV/LsJRylqD2109cDTid9cSnx72oVDh3tTzhpg==
