{
	"name": "@rescript/tools",
	"version": "0.6.4",
	"lockfileVersion": 2,
	"requires": true,
	"packages": {
		"": {
			"name": "@rescript/tools",
			"version": "0.6.4",
			"license": "MIT",
			"dependencies": {
				"rescript": "^11.0.0-rc.7"
			},
			"bin": {
				"rescript-tools": "npm/cli.js"
			},
			"engines": {
				"node": "*"
			}
		},
		"node_modules/rescript": {
			"version": "11.0.0-rc.7",
			"resolved": "https://registry.npmjs.org/rescript/-/rescript-11.0.0-rc.7.tgz",
			"integrity": "sha512-N2ImQVkzF4rzV5PBcQ8htKe4NPnqsS2DhtG9A4iic4eYsNim1Ixt8qyuD40WEYl4AZOuYUaEfJlvLTOV9wHogA==",
			"hasInstallScript": true,
			"bin": {
				"bsc": "bsc",
				"bstracing": "lib/bstracing",
				"rescript": "rescript"
			},
			"engines": {
				"node": ">=10"
			}
		}
	},
	"dependencies": {
		"rescript": {
			"version": "11.0.0-rc.7",
			"resolved": "https://registry.npmjs.org/rescript/-/rescript-11.0.0-rc.7.tgz",
			"integrity": "sha512-N2ImQVkzF4rzV5PBcQ8htKe4NPnqsS2DhtG9A4iic4eYsNim1Ixt8qyuD40WEYl4AZOuYUaEfJlvLTOV9wHogA=="
		}
	}
}
